za@za-Lenovo-IdeaPad-S340-15IWL:~/Documents/IaC/2git/OL20250925/hello/good/json_2_tf_by_tf$ tf apply

Terraform used the selected providers to generate the following execution plan. Resource actions are indicated with the following symbols:
  + create

Terraform will perform the following actions:

  # yandex_compute_instance.this["hello"] will be created
  + resource "yandex_compute_instance" "this" {
      + created_at                = (known after apply)
      + folder_id                 = "b1gmesrdjgklgkvcp704"
      + fqdn                      = (known after apply)
      + gpu_cluster_id            = (known after apply)
      + hardware_generation       = (known after apply)
      + hostname                  = "hello.ru-central1.internal"
      + id                        = (known after apply)
      + maintenance_grace_period  = (known after apply)
      + maintenance_policy        = (known after apply)
      + metadata                  = {
          + "aws_v1_http_endpoint" = "ENABLED"
          + "aws_v1_http_token"    = "DISABLED"
          + "gce_http_endpoint"    = "ENABLED"
          + "gce_http_token"       = "ENABLED"
        }
      + name                      = "hello"
      + network_acceleration_type = "standard"
      + platform_id               = "standard-v2"
      + service_account_id        = (known after apply)
      + status                    = (known after apply)
      + zone                      = "ru-central1-a"

      + boot_disk {
          + auto_delete = true
          + device_name = (known after apply)
          + disk_id     = (known after apply)
          + mode        = (known after apply)

          + initialize_params {
              + block_size  = (known after apply)
              + description = (known after apply)
              + image_id    = "fd8pecdhv50nec1qf9im"
              + name        = (known after apply)
              + size        = (known after apply)
              + snapshot_id = (known after apply)
              + type        = "network-hdd"
            }
        }

      + metadata_options (known after apply)

      + network_interface {
          + index          = (known after apply)
          + ip_address     = (known after apply)
          + ipv4           = true
          + ipv6           = (known after apply)
          + ipv6_address   = (known after apply)
          + mac_address    = (known after apply)
          + nat            = true
          + nat_ip_address = (known after apply)
          + nat_ip_version = (known after apply)
          + subnet_id      = "e9bop98iu12teftg4uj8"
        }

      + placement_policy (known after apply)

      + resources {
          + core_fraction = 20
          + cores         = 2
          + memory        = 2
        }

      + scheduling_policy {
          + preemptible = true
        }
    }

Plan: 1 to add, 0 to change, 0 to destroy.

Changes to Outputs:
  + instance_ids = {
      + hello = (known after apply)
    }

Do you want to perform these actions?
  Terraform will perform the actions described above.
  Only 'yes' will be accepted to approve.

  Enter a value: yes

yandex_compute_instance.this["hello"]: Creating...
yandex_compute_instance.this["hello"]: Still creating... [00m10s elapsed]
yandex_compute_instance.this["hello"]: Still creating... [00m20s elapsed]
yandex_compute_instance.this["hello"]: Still creating... [00m30s elapsed]
yandex_compute_instance.this["hello"]: Still creating... [00m40s elapsed]
yandex_compute_instance.this["hello"]: Creation complete after 41s [id=fhm9i2m8fes2krp2ke2o]

Apply complete! Resources: 1 added, 0 changed, 0 destroyed.

Outputs:

instance_ids = {
  "hello" = "fhm9i2m8fes2krp2ke2o"
}
za@za-Lenovo-IdeaPad-S340-15IWL:~/Documents/IaC/2git/OL20250925/hello/good/json_2_tf_by_tf$ 
za@za-Lenovo-IdeaPad-S340-15IWL:~/Documents/IaC/2git/OL20250925/hello/before$ yc compute instance list
+----------------------+-------+---------------+---------+-----------------+-------------+
|          ID          | NAME  |    ZONE ID    | STATUS  |   EXTERNAL IP   | INTERNAL IP |
+----------------------+-------+---------------+---------+-----------------+-------------+
| fhm9i2m8fes2krp2ke2o | hello | ru-central1-a | RUNNING | 158.160.105.233 | 10.128.0.21 |
+----------------------+-------+---------------+---------+-----------------+-------------+

There is a new yc version '0.163.0' available. Current version: '0.162.0'.
See release notes at https://yandex.cloud/ru/docs/cli/release-notes
You can install it by running the following command in your shell:
	$ yc components update

za@za-Lenovo-IdeaPad-S340-15IWL:~/Documents/IaC/2git/OL20250925/hello/before$ yc compute instance get --name hello --format json
{
  "id": "fhm9i2m8fes2krp2ke2o",
  "folder_id": "b1gmesrdjgklgkvcp704",
  "created_at": "2025-09-09T08:56:41Z",
  "name": "hello",
  "zone_id": "ru-central1-a",
  "platform_id": "standard-v2",
  "resources": {
    "memory": "2147483648",
    "cores": "2",
    "core_fraction": "20"
  },
  "status": "RUNNING",
  "metadata_options": {
    "gce_http_endpoint": "ENABLED",
    "aws_v1_http_endpoint": "ENABLED",
    "gce_http_token": "ENABLED",
    "aws_v1_http_token": "DISABLED"
  },
  "boot_disk": {
    "mode": "READ_WRITE",
    "device_name": "fhmrcd6jrmkd05a86opd",
    "auto_delete": true,
    "disk_id": "fhmrcd6jrmkd05a86opd"
  },
  "network_interfaces": [
    {
      "index": "0",
      "mac_address": "d0:0d:99:0a:c8:7b",
      "subnet_id": "e9bop98iu12teftg4uj8",
      "primary_v4_address": {
        "address": "10.128.0.21",
        "one_to_one_nat": {
          "address": "158.160.105.233",
          "ip_version": "IPV4"
        }
      }
    }
  ],
  "serial_port_settings": {
    "ssh_authorization": "OS_LOGIN"
  },
  "gpu_settings": {},
  "fqdn": "hello.ru-central1.internal",
  "scheduling_policy": {
    "preemptible": true
  },
  "network_settings": {
    "type": "STANDARD"
  },
  "placement_policy": {},
  "hardware_generation": {
    "legacy_features": {
      "pci_topology": "PCI_TOPOLOGY_V1"
    }
  }
}

za@za-Lenovo-IdeaPad-S340-15IWL:~/Documents/IaC/2git/OL20250925/hello/before$ yc compute instance get --name hello --full --format json
{
  "id": "fhm9i2m8fes2krp2ke2o",
  "folder_id": "b1gmesrdjgklgkvcp704",
  "created_at": "2025-09-09T08:56:41Z",
  "name": "hello",
  "zone_id": "ru-central1-a",
  "platform_id": "standard-v2",
  "resources": {
    "memory": "2147483648",
    "cores": "2",
    "core_fraction": "20"
  },
  "status": "RUNNING",
  "metadata": {
    "aws_v1_http_endpoint": "ENABLED",
    "aws_v1_http_token": "DISABLED",
    "gce_http_endpoint": "ENABLED",
    "gce_http_token": "ENABLED"
  },
  "metadata_options": {
    "gce_http_endpoint": "ENABLED",
    "aws_v1_http_endpoint": "ENABLED",
    "gce_http_token": "ENABLED",
    "aws_v1_http_token": "DISABLED"
  },
  "boot_disk": {
    "mode": "READ_WRITE",
    "device_name": "fhmrcd6jrmkd05a86opd",
    "auto_delete": true,
    "disk_id": "fhmrcd6jrmkd05a86opd"
  },
  "network_interfaces": [
    {
      "index": "0",
      "mac_address": "d0:0d:99:0a:c8:7b",
      "subnet_id": "e9bop98iu12teftg4uj8",
      "primary_v4_address": {
        "address": "10.128.0.21",
        "one_to_one_nat": {
          "address": "158.160.105.233",
          "ip_version": "IPV4"
        }
      }
    }
  ],
  "serial_port_settings": {
    "ssh_authorization": "OS_LOGIN"
  },
  "gpu_settings": {},
  "fqdn": "hello.ru-central1.internal",
  "scheduling_policy": {
    "preemptible": true
  },
  "network_settings": {
    "type": "STANDARD"
  },
  "placement_policy": {},
  "hardware_generation": {
    "legacy_features": {
      "pci_topology": "PCI_TOPOLOGY_V1"
    }
  }
}

za@za-Lenovo-IdeaPad-S340-15IWL:~/Documents/IaC/2git/OL20250925/hello/before$ yc compute instance delete --name hello
done (33s)
za@za-Lenovo-IdeaPad-S340-15IWL:~/Documents/IaC/2git/OL20250925/hello/before$ yc compute instance list
+----+------+---------+--------+-------------+-------------+
| ID | NAME | ZONE ID | STATUS | EXTERNAL IP | INTERNAL IP |
+----+------+---------+--------+-------------+-------------+
+----+------+---------+--------+-------------+-------------+

