za@za-Vivobook-ASUSLaptop-M3504YA-M3504YA:~/Documents/IaC/2git/HW/dinv/minv$ terraform apply

Terraform used the selected providers to generate the following execution plan. Resource actions are indicated with the following symbols:
  + create

Terraform will perform the following actions:

  # yandex_compute_instance.vm will be created
  + resource "yandex_compute_instance" "vm" {
      + created_at                = (known after apply)
      + folder_id                 = (known after apply)
      + fqdn                      = (known after apply)
      + gpu_cluster_id            = (known after apply)
      + hardware_generation       = (known after apply)
      + hostname                  = (known after apply)
      + id                        = (known after apply)
      + labels                    = {
          + "group" = "wp_app"
        }
      + maintenance_grace_period  = (known after apply)
      + maintenance_policy        = (known after apply)
      + metadata                  = {
          + "ssh-keys" = (sensitive value)
        }
      + name                      = "les10-plg-vm"
      + network_acceleration_type = "standard"
      + platform_id               = "standard-v1"
      + status                    = (known after apply)
      + zone                      = "ru-central1-a"

      + boot_disk {
          + auto_delete = true
          + device_name = (known after apply)
          + disk_id     = (known after apply)
          + mode        = (known after apply)

          + initialize_params {
              + block_size  = (known after apply)
              + description = (known after apply)
              + image_id    = "fd84kp940dsrccckilj6"
              + name        = (known after apply)
              + size        = (known after apply)
              + snapshot_id = (known after apply)
              + type        = "network-hdd"
            }
        }

      + metadata_options (known after apply)

      + network_interface {
          + index          = (known after apply)
          + ip_address     = (known after apply)
          + ipv4           = true
          + ipv6           = (known after apply)
          + ipv6_address   = (known after apply)
          + mac_address    = (known after apply)
          + nat            = true
          + nat_ip_address = (known after apply)
          + nat_ip_version = (known after apply)
          + subnet_id      = "e9bop98iu12teftg4uj8"
        }

      + placement_policy (known after apply)

      + resources {
          + core_fraction = 5
          + cores         = 2
          + memory        = 2
        }

      + scheduling_policy {
          + preemptible = true
        }
    }

Plan: 1 to add, 0 to change, 0 to destroy.

Do you want to perform these actions?
  Terraform will perform the actions described above.
  Only 'yes' will be accepted to approve.

  Enter a value: yes

yandex_compute_instance.vm: Creating...
yandex_compute_instance.vm: Still creating... [00m10s elapsed]
yandex_compute_instance.vm: Still creating... [00m20s elapsed]
yandex_compute_instance.vm: Still creating... [00m30s elapsed]
yandex_compute_instance.vm: Still creating... [00m40s elapsed]
yandex_compute_instance.vm: Creation complete after 44s [id=fhmqna5qal02dis4rehg]

Apply complete! Resources: 1 added, 0 changed, 0 destroyed.
