za@za-Lenovo-IdeaPad-S340-15IWL:~/Documents/IaC/2git/OL20250925/hello/data$ tf validate
Success! The configuration is valid.

za@za-Lenovo-IdeaPad-S340-15IWL:~/Documents/IaC/2git/OL20250925/hello/data$ tf plan
data.external.yc_instances: Reading...
data.external.yc_instances: Read complete after 1s [id=-]
data.yandex_compute_instance.by_id["fhm2lcv4n95lnl5ka1da"]: Reading...
data.yandex_compute_instance.by_id["fhm2lcv4n95lnl5ka1da"]: Read complete after 1s [id=fhm2lcv4n95lnl5ka1da]

Terraform used the selected providers to generate the following execution plan. Resource actions are indicated with the following symbols:
  + create

Terraform will perform the following actions:

  # yandex_compute_instance.copied["fhm2lcv4n95lnl5ka1da"] will be created
  + resource "yandex_compute_instance" "copied" {
      + created_at                = (known after apply)
      + folder_id                 = (known after apply)
      + fqdn                      = (known after apply)
      + gpu_cluster_id            = (known after apply)
      + hardware_generation       = (known after apply)
      + hostname                  = (known after apply)
      + id                        = (known after apply)
      + maintenance_grace_period  = (known after apply)
      + maintenance_policy        = (known after apply)
      + metadata                  = {
          + "ssh-keys"  = <<-EOT
                yc-user:ssh-rsa AAAAB3NzaC1yc2EAAAADAQABAAABAQC3HIUrr6iRefESWSlgO8y+zFjJH27t7WO4atyPLGqLAi1GesgJD1zTnzE/KKGUAndumJkbhZN6XbFsbojpxNGONJi+NfocGFgUYdK5fSv+/m7zcLWWqxovUHP0FfLhWjzMFWahBybZDK9p+QKAdnPAgHzmC0Jfn+PM3VrbvfiNnai3rQiIMvxIExMsqn3LSc+BYlliS72nv+BWyufLVCJ3arVh9OsvnvbAKefKkNkTl1G8nQDYowL/57teF+Z53lNZh3ywkWaCgVXYQw+/4H8xcqG38frBrSEtJWcx2E0VGqpoAZ1fwZHp7zgKCsTF5SrGXpd7hX6z+45h2zTRZTFH za@za-Lenovo-IdeaPad-S340-15IWL
            EOT
          + "user-data" = <<-EOT
                #cloud-config
                datasource:
                 Ec2:
                  strict_id: false
                ssh_pwauth: no
                users:
                - name: yc-user
                  sudo: ALL=(ALL) NOPASSWD:ALL
                  shell: /bin/bash
                  ssh_authorized_keys:
                  - ssh-rsa AAAAB3NzaC1yc2EAAAADAQABAAABAQC3HIUrr6iRefESWSlgO8y+zFjJH27t7WO4atyPLGqLAi1GesgJD1zTnzE/KKGUAndumJkbhZN6XbFsbojpxNGONJi+NfocGFgUYdK5fSv+/m7zcLWWqxovUHP0FfLhWjzMFWahBybZDK9p+QKAdnPAgHzmC0Jfn+PM3VrbvfiNnai3rQiIMvxIExMsqn3LSc+BYlliS72nv+BWyufLVCJ3arVh9OsvnvbAKefKkNkTl1G8nQDYowL/57teF+Z53lNZh3ywkWaCgVXYQw+/4H8xcqG38frBrSEtJWcx2E0VGqpoAZ1fwZHp7zgKCsTF5SrGXpd7hX6z+45h2zTRZTFH za@za-Lenovo-IdeaPad-S340-15IWL
            EOT
        }
      + name                      = "hello-copy"
      + network_acceleration_type = "standard"
      + platform_id               = "standard-v1"
      + service_account_id        = (known after apply)
      + status                    = (known after apply)
      + zone                      = "ru-central1-a"

      + boot_disk {
          + auto_delete = true
          + device_name = (known after apply)
          + disk_id     = (known after apply)
          + mode        = (known after apply)

          + initialize_params {
              + block_size  = (known after apply)
              + description = (known after apply)
              + image_id    = "fd8pecdhv50nec1qf9im"
              + name        = (known after apply)
              + size        = (known after apply)
              + snapshot_id = (known after apply)
              + type        = "network-hdd"
            }
        }

      + metadata_options (known after apply)

      + network_interface {
          + index          = (known after apply)
          + ip_address     = (known after apply)
          + ipv4           = true
          + ipv6           = (known after apply)
          + ipv6_address   = (known after apply)
          + mac_address    = (known after apply)
          + nat            = false
          + nat_ip_address = (known after apply)
          + nat_ip_version = (known after apply)
          + subnet_id      = "e9bop98iu12teftg4uj8"
        }

      + placement_policy (known after apply)

      + resources {
          + core_fraction = 100
          + cores         = 2
          + memory        = 2
        }

      + scheduling_policy {
          + preemptible = false
        }
    }

Plan: 1 to add, 0 to change, 0 to destroy.

Changes to Outputs:
  + instances_count   = 1
  + instances_summary = [
      + {
          + cores    = 2
          + id       = "fhm2lcv4n95lnl5ka1da"
          + image_id = "fd8pecdhv50nec1qf9im"
          + memory   = 2
          + name     = "hello"
          + status   = "stopped"
          + zone     = "ru-central1-a"
        },
    ]

─────────────────────────────────────────────────────────────────────────────────────────────────────────────────────────────────────────────────────────────────────────────────────────────────────────────────────────────────────────────

Note: You didn't use the -out option to save this plan, so Terraform can't guarantee to take exactly these actions if you run "terraform apply" now.
