aleksey@first:~/OtusTeam/IaC/general/argocd/mini/nodrive$ tf apply
yandex_compute_instance.ac_mini: Refreshing state... [id=fhms5hgndik1617st1ig]

Terraform used the selected providers to generate the following execution plan. Resource actions are indicated with the following symbols:
  + create

Terraform will perform the following actions:

  # yandex_compute_instance.ac_mini_nodrive will be created
  + resource "yandex_compute_instance" "ac_mini_nodrive" {
      + created_at                = (known after apply)
      + folder_id                 = (known after apply)
      + fqdn                      = (known after apply)
      + gpu_cluster_id            = (known after apply)
      + hostname                  = (known after apply)
      + id                        = (known after apply)
      + labels                    = {
          + "group" = "mininodrive"
        }
      + maintenance_grace_period  = (known after apply)
      + maintenance_policy        = (known after apply)
      + metadata                  = {
          + "ssh-keys"  = (sensitive value)
          + "user-data" = <<-EOT
                #cloud-config
                package_update: true
                packages:
                  - ca-certificates 
                  - curl 
                  - gnupg 
                  - lsb-release
            EOT
        }
      + name                      = "ac-mini-nodrive"
      + network_acceleration_type = "standard"
      + platform_id               = "standard-v1"
      + service_account_id        = (known after apply)
      + status                    = (known after apply)
      + zone                      = "ru-central1-a"

      + boot_disk {
          + auto_delete = true
          + device_name = (known after apply)
          + disk_id     = (known after apply)
          + mode        = (known after apply)

          + initialize_params {
              + block_size  = (known after apply)
              + description = (known after apply)
              + image_id    = "fd8lh1aqti7987pcqt11"
              + name        = (known after apply)
              + size        = 50
              + snapshot_id = (known after apply)
              + type        = "network-hdd"
            }
        }

      + metadata_options (known after apply)

      + network_interface {
          + index              = (known after apply)
          + ip_address         = (known after apply)
          + ipv4               = true
          + ipv6               = (known after apply)
          + ipv6_address       = (known after apply)
          + mac_address        = (known after apply)
          + nat                = true
          + nat_ip_address     = (known after apply)
          + nat_ip_version     = (known after apply)
          + security_group_ids = (known after apply)
          + subnet_id          = "e9bop98iu12teftg4uj8"
        }

      + placement_policy (known after apply)

      + resources {
          + core_fraction = 20
          + cores         = 2
          + memory        = 8
        }

      + scheduling_policy {
          + preemptible = true
        }
    }

Plan: 1 to add, 0 to change, 0 to destroy.

Do you want to perform these actions?
  Terraform will perform the actions described above.
  Only 'yes' will be accepted to approve.

  Enter a value: yes

yandex_compute_instance.ac_mini_nodrive: Creating...
yandex_compute_instance.ac_mini_nodrive: Still creating... [10s elapsed]
yandex_compute_instance.ac_mini_nodrive: Still creating... [20s elapsed]
yandex_compute_instance.ac_mini_nodrive: Still creating... [30s elapsed]
yandex_compute_instance.ac_mini_nodrive: Still creating... [40s elapsed]
yandex_compute_instance.ac_mini_nodrive: Creation complete after 43s [id=fhmvesptdiribj3mgtm5]

Apply complete! Resources: 1 added, 0 changed, 0 destroyed.
aleksey@first:~/OtusTeam/IaC/general/argocd/mini/nodrive$ ./ans_inv_list.sh 
++ ansible-inventory --list
{
    "_meta": {
        "hostvars": {
            "ac-mini-docker": {
                "ansible_host": "89.169.152.28"
            },
            "ac-mini-nodrive": {
                "ansible_host": "89.169.128.139"
            }
        }
    },
    "all": {
        "children": [
            "ungrouped",
            "minidocker",
            "mininodrive"
        ]
    },
    "minidocker": {
        "hosts": [
            "ac-mini-docker"
        ]
    },
    "mininodrive": {
        "hosts": [
            "ac-mini-nodrive"
        ]
    }
}

aleksey@first:~/OtusTeam/IaC/general/argocd/mini/nodrive$ ./ans_ping.sh 
++ ansible -m ping all
ac-mini-docker | SUCCESS => {
    "ansible_facts": {
        "discovered_interpreter_python": "/usr/bin/python3"
    },
    "changed": false,
    "ping": "pong"
}
ac-mini-nodrive | SUCCESS => {
    "ansible_facts": {
        "discovered_interpreter_python": "/usr/bin/python3"
    },
    "changed": false,
    "ping": "pong"
}
