za@za-Lenovo-IdeaPad-S340-15IWL:~/Documents/IaC/2git/OL20250925/hello/good/json_2_tf_by_tf$ tf validate
Success! The configuration is valid.

za@za-Lenovo-IdeaPad-S340-15IWL:~/Documents/IaC/2git/OL20250925/hello/good/json_2_tf_by_tf$ tf plan

Terraform used the selected providers to generate the following execution plan. Resource actions are indicated with the following symbols:
  + create

Terraform will perform the following actions:

  # yandex_compute_instance.this["hello"] will be created
  + resource "yandex_compute_instance" "this" {
      + created_at                = (known after apply)
      + folder_id                 = "b1gmesrdjgklgkvcp704"
      + fqdn                      = (known after apply)
      + gpu_cluster_id            = (known after apply)
      + hardware_generation       = (known after apply)
      + hostname                  = "hello.ru-central1.internal"
      + id                        = (known after apply)
      + maintenance_grace_period  = (known after apply)
      + maintenance_policy        = (known after apply)
      + metadata                  = {
          + "aws_v1_http_endpoint" = "ENABLED"
          + "aws_v1_http_token"    = "DISABLED"
          + "gce_http_endpoint"    = "ENABLED"
          + "gce_http_token"       = "ENABLED"
        }
      + name                      = "hello"
      + network_acceleration_type = "standard"
      + platform_id               = "standard-v2"
      + service_account_id        = (known after apply)
      + status                    = (known after apply)
      + zone                      = "ru-central1-a"

      + boot_disk {
          + auto_delete = true
          + device_name = (known after apply)
          + disk_id     = (known after apply)
          + mode        = (known after apply)

          + initialize_params {
              + block_size  = (known after apply)
              + description = (known after apply)
              + image_id    = (known after apply)
              + name        = (known after apply)
              + size        = (known after apply)
              + snapshot_id = (known after apply)
              + type        = "network-hdd"
            }
        }

      + metadata_options (known after apply)

      + network_interface {
          + index          = (known after apply)
          + ip_address     = (known after apply)
          + ipv4           = true
          + ipv6           = (known after apply)
          + ipv6_address   = (known after apply)
          + mac_address    = (known after apply)
          + nat            = true
          + nat_ip_address = (known after apply)
          + nat_ip_version = (known after apply)
          + subnet_id      = "e9bop98iu12teftg4uj8"
        }

      + placement_policy (known after apply)

      + resources {
          + core_fraction = 20
          + cores         = 2
          + memory        = 2147483648
        }

      + scheduling_policy {
          + preemptible = true
        }
    }

Plan: 1 to add, 0 to change, 0 to destroy.

Changes to Outputs:
  + instance_ids = {
      + hello = (known after apply)
    }

─────────────────────────────────────────────────────────────────────────────────────────────────────────────────────────────────────────────────────────────────────────────────────────────────────────────────────────────────────────────

Note: You didn't use the -out option to save this plan, so Terraform can't guarantee to take exactly these actions if you run "terraform apply" now.
